
Microsoft Visual Studio Solution File, Format Version 12.00
# Visual Studio Version 17
VisualStudioVersion = 17.0.31903.59
MinimumVisualStudioVersion = 10.0.40219.1
Project("{FAE04EC0-301F-11D3-BF4B-00C04F79EFBC}") = "ServiceSearchActions.Api", "ServiceSearchActions.Api\ServiceSearchActions.Api.csproj", "{45E783F3-95D7-46B0-967A-79D9F13750F9}"
EndProject
Project("{FAE04EC0-301F-11D3-BF4B-00C04F79EFBC}") = "ServiceSearchActions.Application", "ServiceSearchActions.Application\ServiceSearchActions.Application.csproj", "{8195E4AB-973C-4219-A255-2B74E5BC350B}"
EndProject
Project("{FAE04EC0-301F-11D3-BF4B-00C04F79EFBC}") = "ServiceSearchActions.Core", "ServiceSearchActions.Core\ServiceSearchActions.Core.csproj", "{9E2321D9-BC22-4A04-80A6-C612FB8CEE9E}"
EndProject
Project("{FAE04EC0-301F-11D3-BF4B-00C04F79EFBC}") = "ServiceSearchActions.Infrastructure", "ServiceSearchActions.Infrastructure\ServiceSearchActions.Infrastructure.csproj", "{7BC578E8-DC42-489E-A1C6-92DEE737B60B}"
EndProject
Global
	GlobalSection(SolutionConfigurationPlatforms) = preSolution
		Debug|Any CPU = Debug|Any CPU
		Release|Any CPU = Release|Any CPU
	EndGlobalSection
	GlobalSection(SolutionProperties) = preSolution
		HideSolutionNode = FALSE
	EndGlobalSection
	GlobalSection(ProjectConfigurationPlatforms) = postSolution
		{45E783F3-95D7-46B0-967A-79D9F13750F9}.Debug|Any CPU.ActiveCfg = Debug|Any CPU
		{45E783F3-95D7-46B0-967A-79D9F13750F9}.Debug|Any CPU.Build.0 = Debug|Any CPU
		{45E783F3-95D7-46B0-967A-79D9F13750F9}.Release|Any CPU.ActiveCfg = Release|Any CPU
		{45E783F3-95D7-46B0-967A-79D9F13750F9}.Release|Any CPU.Build.0 = Release|Any CPU
		{8195E4AB-973C-4219-A255-2B74E5BC350B}.Debug|Any CPU.ActiveCfg = Debug|Any CPU
		{8195E4AB-973C-4219-A255-2B74E5BC350B}.Debug|Any CPU.Build.0 = Debug|Any CPU
		{8195E4AB-973C-4219-A255-2B74E5BC350B}.Release|Any CPU.ActiveCfg = Release|Any CPU
		{8195E4AB-973C-4219-A255-2B74E5BC350B}.Release|Any CPU.Build.0 = Release|Any CPU
		{9E2321D9-BC22-4A04-80A6-C612FB8CEE9E}.Debug|Any CPU.ActiveCfg = Debug|Any CPU
		{9E2321D9-BC22-4A04-80A6-C612FB8CEE9E}.Debug|Any CPU.Build.0 = Debug|Any CPU
		{9E2321D9-BC22-4A04-80A6-C612FB8CEE9E}.Release|Any CPU.ActiveCfg = Release|Any CPU
		{9E2321D9-BC22-4A04-80A6-C612FB8CEE9E}.Release|Any CPU.Build.0 = Release|Any CPU
		{7BC578E8-DC42-489E-A1C6-92DEE737B60B}.Debug|Any CPU.ActiveCfg = Debug|Any CPU
		{7BC578E8-DC42-489E-A1C6-92DEE737B60B}.Debug|Any CPU.Build.0 = Debug|Any CPU
		{7BC578E8-DC42-489E-A1C6-92DEE737B60B}.Release|Any CPU.ActiveCfg = Release|Any CPU
		{7BC578E8-DC42-489E-A1C6-92DEE737B60B}.Release|Any CPU.Build.0 = Release|Any CPU
	EndGlobalSection
EndGlobal
